// !$*UTF8*$!
{
	archiveVersion = 1;
	classes = {
	};
	objectVersion = 46;
	objects = {

/* Begin PBXBuildFile section */
		2C195CDB1A31ABAF00B4286F /* WorkoutViewController.swift in Sources */ = {isa = PBXBuildFile; fileRef = 2C195CDA1A31ABAF00B4286F /* WorkoutViewController.swift */; };
		2C484EBB1A43D03900BF2E63 /* GO.png in Resources */ = {isa = PBXBuildFile; fileRef = 2C484EB91A43D03900BF2E63 /* GO.png */; };
		2C484EBC1A43D03900BF2E63 /* pushupTitle.png in Resources */ = {isa = PBXBuildFile; fileRef = 2C484EBA1A43D03900BF2E63 /* pushupTitle.png */; };
		2C6AA0691A342E4400BA042A /* InitialViewController.swift in Sources */ = {isa = PBXBuildFile; fileRef = 2C6AA0681A342E4400BA042A /* InitialViewController.swift */; };
		2C81193D1A16DAFC00418BD5 /* AppDelegate.swift in Sources */ = {isa = PBXBuildFile; fileRef = 2C81193C1A16DAFC00418BD5 /* AppDelegate.swift */; };
		2C8119401A16DAFD00418BD5 /* Pushup.xcdatamodeld in Sources */ = {isa = PBXBuildFile; fileRef = 2C81193E1A16DAFD00418BD5 /* Pushup.xcdatamodeld */; };
		2C8119421A16DAFD00418BD5 /* ViewController.swift in Sources */ = {isa = PBXBuildFile; fileRef = 2C8119411A16DAFD00418BD5 /* ViewController.swift */; };
		2C8119561A16DAFD00418BD5 /* PushupTests.swift in Sources */ = {isa = PBXBuildFile; fileRef = 2C8119551A16DAFD00418BD5 /* PushupTests.swift */; };
		2C8119601A16DC9D00418BD5 /* WorkoutItem.swift in Sources */ = {isa = PBXBuildFile; fileRef = 2C81195F1A16DC9D00418BD5 /* WorkoutItem.swift */; };
		2C8540D21A67267D008AE650 /* HealthKit.framework in Frameworks */ = {isa = PBXBuildFile; fileRef = 2C8540D11A67267D008AE650 /* HealthKit.framework */; };
		2C8540D81A67276B008AE650 /* HealthManager.swift in Sources */ = {isa = PBXBuildFile; fileRef = 2C8540D71A67276B008AE650 /* HealthManager.swift */; };
		2C8541211A684F4D008AE650 /* Icon-60.png in Resources */ = {isa = PBXBuildFile; fileRef = 2C85410F1A684F4D008AE650 /* Icon-60.png */; };
		2C8541221A684F4D008AE650 /* Icon-60@2x.png in Resources */ = {isa = PBXBuildFile; fileRef = 2C8541101A684F4D008AE650 /* Icon-60@2x.png */; };
		2C8541231A684F4D008AE650 /* Icon-60@3x.png in Resources */ = {isa = PBXBuildFile; fileRef = 2C8541111A684F4D008AE650 /* Icon-60@3x.png */; };
		2C8541241A684F4D008AE650 /* Icon-72.png in Resources */ = {isa = PBXBuildFile; fileRef = 2C8541121A684F4D008AE650 /* Icon-72.png */; };
		2C8541251A684F4D008AE650 /* Icon-72@2x.png in Resources */ = {isa = PBXBuildFile; fileRef = 2C8541131A684F4D008AE650 /* Icon-72@2x.png */; };
		2C8541261A684F4D008AE650 /* Icon-76.png in Resources */ = {isa = PBXBuildFile; fileRef = 2C8541141A684F4D008AE650 /* Icon-76.png */; };
		2C8541271A684F4D008AE650 /* Icon-76@2x.png in Resources */ = {isa = PBXBuildFile; fileRef = 2C8541151A684F4D008AE650 /* Icon-76@2x.png */; };
		2C8541281A684F4D008AE650 /* Icon-Small-40.png in Resources */ = {isa = PBXBuildFile; fileRef = 2C8541161A684F4D008AE650 /* Icon-Small-40.png */; };
		2C8541291A684F4D008AE650 /* Icon-Small-40@2x.png in Resources */ = {isa = PBXBuildFile; fileRef = 2C8541171A684F4D008AE650 /* Icon-Small-40@2x.png */; };
		2C85412A1A684F4D008AE650 /* Icon-Small-40@3x.png in Resources */ = {isa = PBXBuildFile; fileRef = 2C8541181A684F4D008AE650 /* Icon-Small-40@3x.png */; };
		2C85412B1A684F4D008AE650 /* Icon-Small-50.png in Resources */ = {isa = PBXBuildFile; fileRef = 2C8541191A684F4D008AE650 /* Icon-Small-50.png */; };
		2C85412C1A684F4D008AE650 /* Icon-Small-50@2x.png in Resources */ = {isa = PBXBuildFile; fileRef = 2C85411A1A684F4D008AE650 /* Icon-Small-50@2x.png */; };
		2C85412D1A684F4D008AE650 /* Icon-Small.png in Resources */ = {isa = PBXBuildFile; fileRef = 2C85411B1A684F4D008AE650 /* Icon-Small.png */; };
		2C85412E1A684F4D008AE650 /* Icon-Small@2x.png in Resources */ = {isa = PBXBuildFile; fileRef = 2C85411C1A684F4D008AE650 /* Icon-Small@2x.png */; };
		2C85412F1A684F4D008AE650 /* Icon-Small@3x.png in Resources */ = {isa = PBXBuildFile; fileRef = 2C85411D1A684F4D008AE650 /* Icon-Small@3x.png */; };
		2C8541301A684F4D008AE650 /* Icon.png in Resources */ = {isa = PBXBuildFile; fileRef = 2C85411E1A684F4D008AE650 /* Icon.png */; };
		2C8541311A684F4D008AE650 /* Icon@2x.png in Resources */ = {isa = PBXBuildFile; fileRef = 2C85411F1A684F4D008AE650 /* Icon@2x.png */; };
		2C8541321A684F4D008AE650 /* iTunesArtwork@2x.png in Resources */ = {isa = PBXBuildFile; fileRef = 2C8541201A684F4D008AE650 /* iTunesArtwork@2x.png */; };
		2C85413C1A6850D1008AE650 /* Images-2.xcassets in Resources */ = {isa = PBXBuildFile; fileRef = 2C85413B1A6850D1008AE650 /* Images-2.xcassets */; };
		2C8541481A6851EE008AE650 /* LaunchScreen.xib in Resources */ = {isa = PBXBuildFile; fileRef = 2C8541461A6851EE008AE650 /* LaunchScreen.xib */; };
		2C8541491A6851EE008AE650 /* Main.storyboard in Resources */ = {isa = PBXBuildFile; fileRef = 2C8541471A6851EE008AE650 /* Main.storyboard */; };
		2C85414C1A6853AD008AE650 /* LaunchImageiPhone6.png in Resources */ = {isa = PBXBuildFile; fileRef = 2C85414A1A6853AD008AE650 /* LaunchImageiPhone6.png */; };
		2C85414D1A6853AD008AE650 /* LaunchImageiPhone6Plus.png in Resources */ = {isa = PBXBuildFile; fileRef = 2C85414B1A6853AD008AE650 /* LaunchImageiPhone6Plus.png */; };
		2C8F59A51A3B0B4B009354E5 /* InfoViewController.swift in Sources */ = {isa = PBXBuildFile; fileRef = 2C8F59A41A3B0B4B009354E5 /* InfoViewController.swift */; };
/* End PBXBuildFile section */

/* Begin PBXContainerItemProxy section */
		2C8119501A16DAFD00418BD5 /* PBXContainerItemProxy */ = {
			isa = PBXContainerItemProxy;
			containerPortal = 2C81192F1A16DAFC00418BD5 /* Project object */;
			proxyType = 1;
			remoteGlobalIDString = 2C8119361A16DAFC00418BD5;
			remoteInfo = Pushup;
		};
/* End PBXContainerItemProxy section */

/* Begin PBXFileReference section */
		2C195CDA1A31ABAF00B4286F /* WorkoutViewController.swift */ = {isa = PBXFileReference; fileEncoding = 4; lastKnownFileType = sourcecode.swift; path = WorkoutViewController.swift; sourceTree = "<group>"; };
		2C484EB91A43D03900BF2E63 /* GO.png */ = {isa = PBXFileReference; lastKnownFileType = image.png; name = GO.png; path = Pushup/GO.png; sourceTree = SOURCE_ROOT; };
		2C484EBA1A43D03900BF2E63 /* pushupTitle.png */ = {isa = PBXFileReference; lastKnownFileType = image.png; name = pushupTitle.png; path = Pushup/pushupTitle.png; sourceTree = SOURCE_ROOT; };
		2C6AA0681A342E4400BA042A /* InitialViewController.swift */ = {isa = PBXFileReference; fileEncoding = 4; lastKnownFileType = sourcecode.swift; path = InitialViewController.swift; sourceTree = "<group>"; };
		2C8119371A16DAFC00418BD5 /* Pushup.app */ = {isa = PBXFileReference; explicitFileType = wrapper.application; includeInIndex = 0; path = Pushup.app; sourceTree = BUILT_PRODUCTS_DIR; };
		2C81193B1A16DAFC00418BD5 /* Info.plist */ = {isa = PBXFileReference; lastKnownFileType = text.plist.xml; path = Info.plist; sourceTree = "<group>"; };
		2C81193C1A16DAFC00418BD5 /* AppDelegate.swift */ = {isa = PBXFileReference; lastKnownFileType = sourcecode.swift; path = AppDelegate.swift; sourceTree = "<group>"; };
		2C81193F1A16DAFD00418BD5 /* Pushup.xcdatamodel */ = {isa = PBXFileReference; lastKnownFileType = wrapper.xcdatamodel; path = Pushup.xcdatamodel; sourceTree = "<group>"; };
		2C8119411A16DAFD00418BD5 /* ViewController.swift */ = {isa = PBXFileReference; lastKnownFileType = sourcecode.swift; path = ViewController.swift; sourceTree = "<group>"; };
		2C81194F1A16DAFD00418BD5 /* PushupTests.xctest */ = {isa = PBXFileReference; explicitFileType = wrapper.cfbundle; includeInIndex = 0; path = PushupTests.xctest; sourceTree = BUILT_PRODUCTS_DIR; };
		2C8119541A16DAFD00418BD5 /* Info.plist */ = {isa = PBXFileReference; lastKnownFileType = text.plist.xml; path = Info.plist; sourceTree = "<group>"; };
		2C8119551A16DAFD00418BD5 /* PushupTests.swift */ = {isa = PBXFileReference; lastKnownFileType = sourcecode.swift; path = PushupTests.swift; sourceTree = "<group>"; };
		2C81195F1A16DC9D00418BD5 /* WorkoutItem.swift */ = {isa = PBXFileReference; fileEncoding = 4; lastKnownFileType = sourcecode.swift; path = WorkoutItem.swift; sourceTree = "<group>"; };
		2C8540D11A67267D008AE650 /* HealthKit.framework */ = {isa = PBXFileReference; lastKnownFileType = wrapper.framework; name = HealthKit.framework; path = System/Library/Frameworks/HealthKit.framework; sourceTree = SDKROOT; };
		2C8540D31A67267D008AE650 /* Pushup.entitlements */ = {isa = PBXFileReference; lastKnownFileType = text.xml; path = Pushup.entitlements; sourceTree = "<group>"; };
		2C8540D71A67276B008AE650 /* HealthManager.swift */ = {isa = PBXFileReference; fileEncoding = 4; lastKnownFileType = sourcecode.swift; path = HealthManager.swift; sourceTree = "<group>"; };
		2C85410F1A684F4D008AE650 /* Icon-60.png */ = {isa = PBXFileReference; lastKnownFileType = image.png; path = "Icon-60.png"; sourceTree = "<group>"; };
		2C8541101A684F4D008AE650 /* Icon-60@2x.png */ = {isa = PBXFileReference; lastKnownFileType = image.png; path = "Icon-60@2x.png"; sourceTree = "<group>"; };
		2C8541111A684F4D008AE650 /* Icon-60@3x.png */ = {isa = PBXFileReference; lastKnownFileType = image.png; path = "Icon-60@3x.png"; sourceTree = "<group>"; };
		2C8541121A684F4D008AE650 /* Icon-72.png */ = {isa = PBXFileReference; lastKnownFileType = image.png; path = "Icon-72.png"; sourceTree = "<group>"; };
		2C8541131A684F4D008AE650 /* Icon-72@2x.png */ = {isa = PBXFileReference; lastKnownFileType = image.png; path = "Icon-72@2x.png"; sourceTree = "<group>"; };
		2C8541141A684F4D008AE650 /* Icon-76.png */ = {isa = PBXFileReference; lastKnownFileType = image.png; path = "Icon-76.png"; sourceTree = "<group>"; };
		2C8541151A684F4D008AE650 /* Icon-76@2x.png */ = {isa = PBXFileReference; lastKnownFileType = image.png; path = "Icon-76@2x.png"; sourceTree = "<group>"; };
		2C8541161A684F4D008AE650 /* Icon-Small-40.png */ = {isa = PBXFileReference; lastKnownFileType = image.png; path = "Icon-Small-40.png"; sourceTree = "<group>"; };
		2C8541171A684F4D008AE650 /* Icon-Small-40@2x.png */ = {isa = PBXFileReference; lastKnownFileType = image.png; path = "Icon-Small-40@2x.png"; sourceTree = "<group>"; };
		2C8541181A684F4D008AE650 /* Icon-Small-40@3x.png */ = {isa = PBXFileReference; lastKnownFileType = image.png; path = "Icon-Small-40@3x.png"; sourceTree = "<group>"; };
		2C8541191A684F4D008AE650 /* Icon-Small-50.png */ = {isa = PBXFileReference; lastKnownFileType = image.png; path = "Icon-Small-50.png"; sourceTree = "<group>"; };
		2C85411A1A684F4D008AE650 /* Icon-Small-50@2x.png */ = {isa = PBXFileReference; lastKnownFileType = image.png; path = "Icon-Small-50@2x.png"; sourceTree = "<group>"; };
		2C85411B1A684F4D008AE650 /* Icon-Small.png */ = {isa = PBXFileReference; lastKnownFileType = image.png; path = "Icon-Small.png"; sourceTree = "<group>"; };
		2C85411C1A684F4D008AE650 /* Icon-Small@2x.png */ = {isa = PBXFileReference; lastKnownFileType = image.png; path = "Icon-Small@2x.png"; sourceTree = "<group>"; };
		2C85411D1A684F4D008AE650 /* Icon-Small@3x.png */ = {isa = PBXFileReference; lastKnownFileType = image.png; path = "Icon-Small@3x.png"; sourceTree = "<group>"; };
		2C85411E1A684F4D008AE650 /* Icon.png */ = {isa = PBXFileReference; lastKnownFileType = image.png; path = Icon.png; sourceTree = "<group>"; };
		2C85411F1A684F4D008AE650 /* Icon@2x.png */ = {isa = PBXFileReference; lastKnownFileType = image.png; path = "Icon@2x.png"; sourceTree = "<group>"; };
		2C8541201A684F4D008AE650 /* iTunesArtwork@2x.png */ = {isa = PBXFileReference; lastKnownFileType = image.png; path = "iTunesArtwork@2x.png"; sourceTree = "<group>"; };
		2C85413B1A6850D1008AE650 /* Images-2.xcassets */ = {isa = PBXFileReference; lastKnownFileType = folder.assetcatalog; path = "Images-2.xcassets"; sourceTree = "<group>"; };
		2C8541461A6851EE008AE650 /* LaunchScreen.xib */ = {isa = PBXFileReference; fileEncoding = 4; lastKnownFileType = file.xib; path = LaunchScreen.xib; sourceTree = SOURCE_ROOT; };
		2C8541471A6851EE008AE650 /* Main.storyboard */ = {isa = PBXFileReference; fileEncoding = 4; lastKnownFileType = file.storyboard; path = Main.storyboard; sourceTree = SOURCE_ROOT; };
		2C85414A1A6853AD008AE650 /* LaunchImageiPhone6.png */ = {isa = PBXFileReference; lastKnownFileType = image.png; path = LaunchImageiPhone6.png; sourceTree = "<group>"; };
		2C85414B1A6853AD008AE650 /* LaunchImageiPhone6Plus.png */ = {isa = PBXFileReference; lastKnownFileType = image.png; path = LaunchImageiPhone6Plus.png; sourceTree = "<group>"; };
		2C8F59A41A3B0B4B009354E5 /* InfoViewController.swift */ = {isa = PBXFileReference; fileEncoding = 4; lastKnownFileType = sourcecode.swift; path = InfoViewController.swift; sourceTree = "<group>"; };
/* End PBXFileReference section */

/* Begin PBXFrameworksBuildPhase section */
		2C8119341A16DAFC00418BD5 /* Frameworks */ = {
			isa = PBXFrameworksBuildPhase;
			buildActionMask = 2147483647;
			files = (
				2C8540D21A67267D008AE650 /* HealthKit.framework in Frameworks */,
			);
			runOnlyForDeploymentPostprocessing = 0;
		};
		2C81194C1A16DAFD00418BD5 /* Frameworks */ = {
			isa = PBXFrameworksBuildPhase;
			buildActionMask = 2147483647;
			files = (
			);
			runOnlyForDeploymentPostprocessing = 0;
		};
/* End PBXFrameworksBuildPhase section */

/* Begin PBXGroup section */
		2C81192E1A16DAFC00418BD5 = {
			isa = PBXGroup;
			children = (
				2C8540D11A67267D008AE650 /* HealthKit.framework */,
				2C8119391A16DAFC00418BD5 /* Pushup */,
				2C8119521A16DAFD00418BD5 /* PushupTests */,
				2C8119381A16DAFC00418BD5 /* Products */,
			);
			sourceTree = "<group>";
		};
		2C8119381A16DAFC00418BD5 /* Products */ = {
			isa = PBXGroup;
			children = (
				2C8119371A16DAFC00418BD5 /* Pushup.app */,
				2C81194F1A16DAFD00418BD5 /* PushupTests.xctest */,
			);
			name = Products;
			sourceTree = "<group>";
		};
		2C8119391A16DAFC00418BD5 /* Pushup */ = {
			isa = PBXGroup;
			children = (
				2C8540D31A67267D008AE650 /* Pushup.entitlements */,
				2CBAB6E51A36FCCD00D1E6F0 /* Images */,
				2C81193C1A16DAFC00418BD5 /* AppDelegate.swift */,
				2C8540D71A67276B008AE650 /* HealthManager.swift */,
				2C8119411A16DAFD00418BD5 /* ViewController.swift */,
				2C195CDA1A31ABAF00B4286F /* WorkoutViewController.swift */,
				2C6AA0681A342E4400BA042A /* InitialViewController.swift */,
				2C8F59A41A3B0B4B009354E5 /* InfoViewController.swift */,
				2C8541461A6851EE008AE650 /* LaunchScreen.xib */,
				2C8541471A6851EE008AE650 /* Main.storyboard */,
				2C81193E1A16DAFD00418BD5 /* Pushup.xcdatamodeld */,
				2C81195F1A16DC9D00418BD5 /* WorkoutItem.swift */,
				2C85413B1A6850D1008AE650 /* Images-2.xcassets */,
				2C81193A1A16DAFC00418BD5 /* Supporting Files */,
			);
			path = Pushup;
			sourceTree = "<group>";
		};
		2C81193A1A16DAFC00418BD5 /* Supporting Files */ = {
			isa = PBXGroup;
			children = (
				2C81193B1A16DAFC00418BD5 /* Info.plist */,
			);
			name = "Supporting Files";
			sourceTree = "<group>";
		};
		2C8119521A16DAFD00418BD5 /* PushupTests */ = {
			isa = PBXGroup;
			children = (
				2C8119551A16DAFD00418BD5 /* PushupTests.swift */,
				2C8119531A16DAFD00418BD5 /* Supporting Files */,
			);
			path = PushupTests;
			sourceTree = "<group>";
		};
		2C8119531A16DAFD00418BD5 /* Supporting Files */ = {
			isa = PBXGroup;
			children = (
				2C8119541A16DAFD00418BD5 /* Info.plist */,
			);
			name = "Supporting Files";
			sourceTree = "<group>";
		};
		2C85410E1A684F4D008AE650 /* App Icon [Squared] */ = {
			isa = PBXGroup;
			children = (
				2C85414A1A6853AD008AE650 /* LaunchImageiPhone6.png */,
				2C85414B1A6853AD008AE650 /* LaunchImageiPhone6Plus.png */,
				2C85410F1A684F4D008AE650 /* Icon-60.png */,
				2C8541101A684F4D008AE650 /* Icon-60@2x.png */,
				2C8541111A684F4D008AE650 /* Icon-60@3x.png */,
				2C8541121A684F4D008AE650 /* Icon-72.png */,
				2C8541131A684F4D008AE650 /* Icon-72@2x.png */,
				2C8541141A684F4D008AE650 /* Icon-76.png */,
				2C8541151A684F4D008AE650 /* Icon-76@2x.png */,
				2C8541161A684F4D008AE650 /* Icon-Small-40.png */,
				2C8541171A684F4D008AE650 /* Icon-Small-40@2x.png */,
				2C8541181A684F4D008AE650 /* Icon-Small-40@3x.png */,
				2C8541191A684F4D008AE650 /* Icon-Small-50.png */,
				2C85411A1A684F4D008AE650 /* Icon-Small-50@2x.png */,
				2C85411B1A684F4D008AE650 /* Icon-Small.png */,
				2C85411C1A684F4D008AE650 /* Icon-Small@2x.png */,
				2C85411D1A684F4D008AE650 /* Icon-Small@3x.png */,
				2C85411E1A684F4D008AE650 /* Icon.png */,
				2C85411F1A684F4D008AE650 /* Icon@2x.png */,
				2C8541201A684F4D008AE650 /* iTunesArtwork@2x.png */,
			);
			path = "App Icon [Squared]";
			sourceTree = "<group>";
		};
		2CBAB6E51A36FCCD00D1E6F0 /* Images */ = {
			isa = PBXGroup;
			children = (
				2C85410E1A684F4D008AE650 /* App Icon [Squared] */,
				2C484EB91A43D03900BF2E63 /* GO.png */,
				2C484EBA1A43D03900BF2E63 /* pushupTitle.png */,
			);
			name = Images;
			sourceTree = "<group>";
		};
/* End PBXGroup section */

/* Begin PBXNativeTarget section */
		2C8119361A16DAFC00418BD5 /* Pushup */ = {
			isa = PBXNativeTarget;
			buildConfigurationList = 2C8119591A16DAFD00418BD5 /* Build configuration list for PBXNativeTarget "Pushup" */;
			buildPhases = (
				2C8119331A16DAFC00418BD5 /* Sources */,
				2C8119341A16DAFC00418BD5 /* Frameworks */,
				2C8119351A16DAFC00418BD5 /* Resources */,
			);
			buildRules = (
			);
			dependencies = (
			);
			name = Pushup;
			productName = Pushup;
			productReference = 2C8119371A16DAFC00418BD5 /* Pushup.app */;
			productType = "com.apple.product-type.application";
		};
		2C81194E1A16DAFD00418BD5 /* PushupTests */ = {
			isa = PBXNativeTarget;
			buildConfigurationList = 2C81195C1A16DAFD00418BD5 /* Build configuration list for PBXNativeTarget "PushupTests" */;
			buildPhases = (
				2C81194B1A16DAFD00418BD5 /* Sources */,
				2C81194C1A16DAFD00418BD5 /* Frameworks */,
				2C81194D1A16DAFD00418BD5 /* Resources */,
			);
			buildRules = (
			);
			dependencies = (
				2C8119511A16DAFD00418BD5 /* PBXTargetDependency */,
			);
			name = PushupTests;
			productName = PushupTests;
			productReference = 2C81194F1A16DAFD00418BD5 /* PushupTests.xctest */;
			productType = "com.apple.product-type.bundle.unit-test";
		};
/* End PBXNativeTarget section */

/* Begin PBXProject section */
		2C81192F1A16DAFC00418BD5 /* Project object */ = {
			isa = PBXProject;
			attributes = {
				LastUpgradeCheck = 0610;
				ORGANIZATIONNAME = "Marcus Smith";
				TargetAttributes = {
					2C8119361A16DAFC00418BD5 = {
						CreatedOnToolsVersion = 6.1;
						DevelopmentTeam = 9EBDBA4ZC3;
						SystemCapabilities = {
							com.apple.HealthKit = {
								enabled = 1;
							};
						};
					};
					2C81194E1A16DAFD00418BD5 = {
						CreatedOnToolsVersion = 6.1;
						TestTargetID = 2C8119361A16DAFC00418BD5;
					};
				};
			};
			buildConfigurationList = 2C8119321A16DAFC00418BD5 /* Build configuration list for PBXProject "Pushup" */;
			compatibilityVersion = "Xcode 3.2";
			developmentRegion = English;
			hasScannedForEncodings = 0;
			knownRegions = (
				en,
				Base,
			);
			mainGroup = 2C81192E1A16DAFC00418BD5;
			productRefGroup = 2C8119381A16DAFC00418BD5 /* Products */;
			projectDirPath = "";
			projectRoot = "";
			targets = (
				2C8119361A16DAFC00418BD5 /* Pushup */,
				2C81194E1A16DAFD00418BD5 /* PushupTests */,
			);
		};
/* End PBXProject section */

/* Begin PBXResourcesBuildPhase section */
		2C8119351A16DAFC00418BD5 /* Resources */ = {
			isa = PBXResourcesBuildPhase;
			buildActionMask = 2147483647;
			files = (
				2C85414D1A6853AD008AE650 /* LaunchImageiPhone6Plus.png in Resources */,
				2C85414C1A6853AD008AE650 /* LaunchImageiPhone6.png in Resources */,
				2C8541231A684F4D008AE650 /* Icon-60@3x.png in Resources */,
				2C8541491A6851EE008AE650 /* Main.storyboard in Resources */,
				2C85412A1A684F4D008AE650 /* Icon-Small-40@3x.png in Resources */,
				2C85412E1A684F4D008AE650 /* Icon-Small@2x.png in Resources */,
				2C85412C1A684F4D008AE650 /* Icon-Small-50@2x.png in Resources */,
				2C8541481A6851EE008AE650 /* LaunchScreen.xib in Resources */,
				2C484EBC1A43D03900BF2E63 /* pushupTitle.png in Resources */,
				2C8541311A684F4D008AE650 /* Icon@2x.png in Resources */,
				2C8541251A684F4D008AE650 /* Icon-72@2x.png in Resources */,
				2C85413C1A6850D1008AE650 /* Images-2.xcassets in Resources */,
				2C8541291A684F4D008AE650 /* Icon-Small-40@2x.png in Resources */,
				2C85412B1A684F4D008AE650 /* Icon-Small-50.png in Resources */,
				2C8541241A684F4D008AE650 /* Icon-72.png in Resources */,
				2C85412D1A684F4D008AE650 /* Icon-Small.png in Resources */,
				2C8541211A684F4D008AE650 /* Icon-60.png in Resources */,
				2C8541301A684F4D008AE650 /* Icon.png in Resources */,
				2C8541261A684F4D008AE650 /* Icon-76.png in Resources */,
				2C8541221A684F4D008AE650 /* Icon-60@2x.png in Resources */,
				2C8541271A684F4D008AE650 /* Icon-76@2x.png in Resources */,
				2C484EBB1A43D03900BF2E63 /* GO.png in Resources */,
				2C85412F1A684F4D008AE650 /* Icon-Small@3x.png in Resources */,
				2C8541281A684F4D008AE650 /* Icon-Small-40.png in Resources */,
				2C8541321A684F4D008AE650 /* iTunesArtwork@2x.png in Resources */,
			);
			runOnlyForDeploymentPostprocessing = 0;
		};
		2C81194D1A16DAFD00418BD5 /* Resources */ = {
			isa = PBXResourcesBuildPhase;
			buildActionMask = 2147483647;
			files = (
			);
			runOnlyForDeploymentPostprocessing = 0;
		};
/* End PBXResourcesBuildPhase section */

/* Begin PBXSourcesBuildPhase section */
		2C8119331A16DAFC00418BD5 /* Sources */ = {
			isa = PBXSourcesBuildPhase;
			buildActionMask = 2147483647;
			files = (
				2C8119421A16DAFD00418BD5 /* ViewController.swift in Sources */,
				2C8119401A16DAFD00418BD5 /* Pushup.xcdatamodeld in Sources */,
				2C195CDB1A31ABAF00B4286F /* WorkoutViewController.swift in Sources */,
				2C8F59A51A3B0B4B009354E5 /* InfoViewController.swift in Sources */,
				2C6AA0691A342E4400BA042A /* InitialViewController.swift in Sources */,
				2C8119601A16DC9D00418BD5 /* WorkoutItem.swift in Sources */,
				2C81193D1A16DAFC00418BD5 /* AppDelegate.swift in Sources */,
				2C8540D81A67276B008AE650 /* HealthManager.swift in Sources */,
			);
			runOnlyForDeploymentPostprocessing = 0;
		};
		2C81194B1A16DAFD00418BD5 /* Sources */ = {
			isa = PBXSourcesBuildPhase;
			buildActionMask = 2147483647;
			files = (
				2C8119561A16DAFD00418BD5 /* PushupTests.swift in Sources */,
			);
			runOnlyForDeploymentPostprocessing = 0;
		};
/* End PBXSourcesBuildPhase section */

/* Begin PBXTargetDependency section */
		2C8119511A16DAFD00418BD5 /* PBXTargetDependency */ = {
			isa = PBXTargetDependency;
			target = 2C8119361A16DAFC00418BD5 /* Pushup */;
			targetProxy = 2C8119501A16DAFD00418BD5 /* PBXContainerItemProxy */;
		};
/* End PBXTargetDependency section */

/* Begin XCBuildConfiguration section */
		2C8119571A16DAFD00418BD5 /* Debug */ = {
			isa = XCBuildConfiguration;
			buildSettings = {
				ALWAYS_SEARCH_USER_PATHS = NO;
				CLANG_CXX_LANGUAGE_STANDARD = "gnu++0x";
				CLANG_CXX_LIBRARY = "libc++";
				CLANG_ENABLE_MODULES = YES;
				CLANG_ENABLE_OBJC_ARC = YES;
				CLANG_WARN_BOOL_CONVERSION = YES;
				CLANG_WARN_CONSTANT_CONVERSION = YES;
				CLANG_WARN_DIRECT_OBJC_ISA_USAGE = YES_ERROR;
				CLANG_WARN_EMPTY_BODY = YES;
				CLANG_WARN_ENUM_CONVERSION = YES;
				CLANG_WARN_INT_CONVERSION = YES;
				CLANG_WARN_OBJC_ROOT_CLASS = YES_ERROR;
				CLANG_WARN_UNREACHABLE_CODE = YES;
				CLANG_WARN__DUPLICATE_METHOD_MATCH = YES;
				"CODE_SIGN_IDENTITY[sdk=iphoneos*]" = "iPhone Developer";
				COPY_PHASE_STRIP = NO;
				ENABLE_STRICT_OBJC_MSGSEND = YES;
				GCC_C_LANGUAGE_STANDARD = gnu99;
				GCC_DYNAMIC_NO_PIC = NO;
				GCC_OPTIMIZATION_LEVEL = 0;
				GCC_PREPROCESSOR_DEFINITIONS = (
					"DEBUG=1",
					"$(inherited)",
				);
				GCC_SYMBOLS_PRIVATE_EXTERN = NO;
				GCC_WARN_64_TO_32_BIT_CONVERSION = YES;
				GCC_WARN_ABOUT_RETURN_TYPE = YES_ERROR;
				GCC_WARN_UNDECLARED_SELECTOR = YES;
				GCC_WARN_UNINITIALIZED_AUTOS = YES_AGGRESSIVE;
				GCC_WARN_UNUSED_FUNCTION = YES;
				GCC_WARN_UNUSED_VARIABLE = YES;
				IPHONEOS_DEPLOYMENT_TARGET = 8.1;
				MTL_ENABLE_DEBUG_INFO = YES;
				ONLY_ACTIVE_ARCH = YES;
				SDKROOT = iphoneos;
				SWIFT_OPTIMIZATION_LEVEL = "-Onone";
			};
			name = Debug;
		};
		2C8119581A16DAFD00418BD5 /* Release */ = {
			isa = XCBuildConfiguration;
			buildSettings = {
				ALWAYS_SEARCH_USER_PATHS = NO;
				CLANG_CXX_LANGUAGE_STANDARD = "gnu++0x";
				CLANG_CXX_LIBRARY = "libc++";
				CLANG_ENABLE_MODULES = YES;
				CLANG_ENABLE_OBJC_ARC = YES;
				CLANG_WARN_BOOL_CONVERSION = YES;
				CLANG_WARN_CONSTANT_CONVERSION = YES;
				CLANG_WARN_DIRECT_OBJC_ISA_USAGE = YES_ERROR;
				CLANG_WARN_EMPTY_BODY = YES;
				CLANG_WARN_ENUM_CONVERSION = YES;
				CLANG_WARN_INT_CONVERSION = YES;
				CLANG_WARN_OBJC_ROOT_CLASS = YES_ERROR;
				CLANG_WARN_UNREACHABLE_CODE = YES;
				CLANG_WARN__DUPLICATE_METHOD_MATCH = YES;
				"CODE_SIGN_IDENTITY[sdk=iphoneos*]" = "iPhone Developer";
				COPY_PHASE_STRIP = YES;
				ENABLE_NS_ASSERTIONS = NO;
				ENABLE_STRICT_OBJC_MSGSEND = YES;
				GCC_C_LANGUAGE_STANDARD = gnu99;
				GCC_WARN_64_TO_32_BIT_CONVERSION = YES;
				GCC_WARN_ABOUT_RETURN_TYPE = YES_ERROR;
				GCC_WARN_UNDECLARED_SELECTOR = YES;
				GCC_WARN_UNINITIALIZED_AUTOS = YES_AGGRESSIVE;
				GCC_WARN_UNUSED_FUNCTION = YES;
				GCC_WARN_UNUSED_VARIABLE = YES;
				IPHONEOS_DEPLOYMENT_TARGET = 8.1;
				MTL_ENABLE_DEBUG_INFO = NO;
				SDKROOT = iphoneos;
				VALIDATE_PRODUCT = YES;
			};
			name = Release;
		};
		2C81195A1A16DAFD00418BD5 /* Debug */ = {
			isa = XCBuildConfiguration;
			buildSettings = {
				ASSETCATALOG_COMPILER_APPICON_NAME = AppIcon;
				CODE_SIGN_ENTITLEMENTS = Pushup/Pushup.entitlements;
				CODE_SIGN_IDENTITY = "iPhone Developer";
				INFOPLIST_FILE = Pushup/Info.plist;
				LD_RUNPATH_SEARCH_PATHS = "$(inherited) @executable_path/Frameworks";
				PRODUCT_NAME = "$(TARGET_NAME)";
				TARGETED_DEVICE_FAMILY = 1;
			};
			name = Debug;
		};
		2C81195B1A16DAFD00418BD5 /* Release */ = {
			isa = XCBuildConfiguration;
			buildSettings = {
				ASSETCATALOG_COMPILER_APPICON_NAME = AppIcon;
				CODE_SIGN_ENTITLEMENTS = Pushup/Pushup.entitlements;
				CODE_SIGN_IDENTITY = "iPhone Developer";
				INFOPLIST_FILE = Pushup/Info.plist;
				LD_RUNPATH_SEARCH_PATHS = "$(inherited) @executable_path/Frameworks";
				PRODUCT_NAME = "$(TARGET_NAME)";
				TARGETED_DEVICE_FAMILY = 1;
			};
			name = Release;
		};
		2C81195D1A16DAFD00418BD5 /* Debug */ = {
			isa = XCBuildConfiguration;
			buildSettings = {
				BUNDLE_LOADER = "$(TEST_HOST)";
				FRAMEWORK_SEARCH_PATHS = (
					"$(SDKROOT)/Developer/Library/Frameworks",
					"$(inherited)",
				);
				GCC_PREPROCESSOR_DEFINITIONS = (
					"DEBUG=1",
					"$(inherited)",
				);
				INFOPLIST_FILE = PushupTests/Info.plist;
				LD_RUNPATH_SEARCH_PATHS = "$(inherited) @executable_path/Frameworks @loader_path/Frameworks";
				PRODUCT_NAME = "$(TARGET_NAME)";
				TEST_HOST = "$(BUILT_PRODUCTS_DIR)/Pushup.app/Pushup";
			};
			name = Debug;
		};
		2C81195E1A16DAFD00418BD5 /* Release */ = {
			isa = XCBuildConfiguration;
			buildSettings = {
				BUNDLE_LOADER = "$(TEST_HOST)";
				FRAMEWORK_SEARCH_PATHS = (
					"$(SDKROOT)/Developer/Library/Frameworks",
					"$(inherited)",
				);
				INFOPLIST_FILE = PushupTests/Info.plist;
				LD_RUNPATH_SEARCH_PATHS = "$(inherited) @executable_path/Frameworks @loader_path/Frameworks";
				PRODUCT_NAME = "$(TARGET_NAME)";
				TEST_HOST = "$(BUILT_PRODUCTS_DIR)/Pushup.app/Pushup";
			};
			name = Release;
		};
/* End XCBuildConfiguration section */

/* Begin XCConfigurationList section */
		2C8119321A16DAFC00418BD5 /* Build configuration list for PBXProject "Pushup" */ = {
			isa = XCConfigurationList;
			buildConfigurations = (
				2C8119571A16DAFD00418BD5 /* Debug */,
				2C8119581A16DAFD00418BD5 /* Release */,
			);
			defaultConfigurationIsVisible = 0;
			defaultConfigurationName = Release;
		};
		2C8119591A16DAFD00418BD5 /* Build configuration list for PBXNativeTarget "Pushup" */ = {
			isa = XCConfigurationList;
			buildConfigurations = (
				2C81195A1A16DAFD00418BD5 /* Debug */,
				2C81195B1A16DAFD00418BD5 /* Release */,
			);
			defaultConfigurationIsVisible = 0;
			defaultConfigurationName = Release;
		};
		2C81195C1A16DAFD00418BD5 /* Build configuration list for PBXNativeTarget "PushupTests" */ = {
			isa = XCConfigurationList;
			buildConfigurations = (
				2C81195D1A16DAFD00418BD5 /* Debug */,
				2C81195E1A16DAFD00418BD5 /* Release */,
			);
			defaultConfigurationIsVisible = 0;
			defaultConfigurationName = Release;
		};
/* End XCConfigurationList section */

/* Begin XCVersionGroup section */
		2C81193E1A16DAFD00418BD5 /* Pushup.xcdatamodeld */ = {
			isa = XCVersionGroup;
			children = (
				2C81193F1A16DAFD00418BD5 /* Pushup.xcdatamodel */,
			);
			currentVersion = 2C81193F1A16DAFD00418BD5 /* Pushup.xcdatamodel */;
			path = Pushup.xcdatamodeld;
			sourceTree = "<group>";
			versionGroupType = wrapper.xcdatamodel;
		};
/* End XCVersionGroup section */
	};
	rootObject = 2C81192F1A16DAFC00418BD5 /* Project object */;
}
